
Microsoft Visual Studio Solution File, Format Version 12.00
# Visual Studio Version 17
VisualStudioVersion = 17.9.34622.214
MinimumVisualStudioVersion = 10.0.40219.1
Project("{FAE04EC0-301F-11D3-BF4B-00C04F79EFBC}") = "TestInternship", "TestInternship\TestInternship.csproj", "{2F108089-70F2-4611-A7DD-84E1C6B68EB6}"
EndProject
Global
	GlobalSection(SolutionConfigurationPlatforms) = preSolution
		Debug|Any CPU = Debug|Any CPU
		Release|Any CPU = Release|Any CPU
	EndGlobalSection
	GlobalSection(ProjectConfigurationPlatforms) = postSolution
		{2F108089-70F2-4611-A7DD-84E1C6B68EB6}.Debug|Any CPU.ActiveCfg = Debug|Any CPU
		{2F108089-70F2-4611-A7DD-84E1C6B68EB6}.Debug|Any CPU.Build.0 = Debug|Any CPU
		{2F108089-70F2-4611-A7DD-84E1C6B68EB6}.Release|Any CPU.ActiveCfg = Release|Any CPU
		{2F108089-70F2-4611-A7DD-84E1C6B68EB6}.Release|Any CPU.Build.0 = Release|Any CPU
	EndGlobalSection
	GlobalSection(SolutionProperties) = preSolution
		HideSolutionNode = FALSE
	EndGlobalSection
	GlobalSection(ExtensibilityGlobals) = postSolution
		SolutionGuid = {6A7E27AB-3A26-4BA2-90E0-E0FB946F1F7E}
	EndGlobalSection
EndGlobal
